
Microsoft Visual Studio Solution File, Format Version 12.00
# Visual Studio Version 16
VisualStudioVersion = 16.0.31005.135
MinimumVisualStudioVersion = 10.0.40219.1
Project("{FAE04EC0-301F-11D3-BF4B-00C04F79EFBC}") = "EmployeeProject1", "EmployeeProject1.csproj", "{65DED19D-09F0-45C5-8B20-A031C45B2245}"
EndProject
Global
	GlobalSection(SolutionConfigurationPlatforms) = preSolution
		Debug|Any CPU = Debug|Any CPU
		Release|Any CPU = Release|Any CPU
	EndGlobalSection
	GlobalSection(ProjectConfigurationPlatforms) = postSolution
		{65DED19D-09F0-45C5-8B20-A031C45B2245}.Debug|Any CPU.ActiveCfg = Debug|Any CPU
		{65DED19D-09F0-45C5-8B20-A031C45B2245}.Debug|Any CPU.Build.0 = Debug|Any CPU
		{65DED19D-09F0-45C5-8B20-A031C45B2245}.Release|Any CPU.ActiveCfg = Release|Any CPU
		{65DED19D-09F0-45C5-8B20-A031C45B2245}.Release|Any CPU.Build.0 = Release|Any CPU
	EndGlobalSection
	GlobalSection(SolutionProperties) = preSolution
		HideSolutionNode = FALSE
	EndGlobalSection
	GlobalSection(ExtensibilityGlobals) = postSolution
		SolutionGuid = {580086F9-FFBD-42B4-8FBB-49CB2390D80D}
	EndGlobalSection
EndGlobal
